
Microsoft Visual Studio Solution File, Format Version 12.00
# Visual Studio Version 16
VisualStudioVersion = 16.0.29905.134
MinimumVisualStudioVersion = 10.0.40219.1
Project("{FAE04EC0-301F-11D3-BF4B-00C04F79EFBC}") = "MLConsoleSentiment", "MLConsoleSentiment\MLConsoleSentiment.csproj", "{46E74648-EA1C-447F-8316-7ECEB2831DB9}"
EndProject
Global
	GlobalSection(SolutionConfigurationPlatforms) = preSolution
		Debug|Any CPU = Debug|Any CPU
		Release|Any CPU = Release|Any CPU
	EndGlobalSection
	GlobalSection(ProjectConfigurationPlatforms) = postSolution
		{46E74648-EA1C-447F-8316-7ECEB2831DB9}.Debug|Any CPU.ActiveCfg = Debug|Any CPU
		{46E74648-EA1C-447F-8316-7ECEB2831DB9}.Debug|Any CPU.Build.0 = Debug|Any CPU
		{46E74648-EA1C-447F-8316-7ECEB2831DB9}.Release|Any CPU.ActiveCfg = Release|Any CPU
		{46E74648-EA1C-447F-8316-7ECEB2831DB9}.Release|Any CPU.Build.0 = Release|Any CPU
	EndGlobalSection
	GlobalSection(SolutionProperties) = preSolution
		HideSolutionNode = FALSE
	EndGlobalSection
	GlobalSection(ExtensibilityGlobals) = postSolution
		SolutionGuid = {788A6C15-F77D-40C8-86EB-0DF9E674C8A5}
	EndGlobalSection
EndGlobal
